PODS:
  - appmetrica_plugin (3.5.0):
    - AppMetricaAdSupport (~> 6.1)
    - AppMetricaCore (~> 6.1)
    - AppMetricaCoreExtension (~> 6.1)
    - AppMetricaCrashes (~> 6.1)
    - AppMetricaIDSync (~> 6.1)
    - AppMetricaLibraryAdapter (~> 6.1)
    - AppMetricaScreenshot (~> 6.1)
    - AppMetricaWebKit (~> 6.1)
    - Flutter
  - AppMetricaAdSupport (6.1.0):
    - AppMetricaCore (= 6.1.0)
    - AppMetricaCoreExtension (= 6.1.0)
  - AppMetricaCore (6.1.0):
    - AppMetricaCoreUtils (= 6.1.0)
    - AppMetricaEncodingUtils (= 6.1.0)
    - AppMetricaFMDB (= 6.1.0)
    - AppMetricaHostState (= 6.1.0)
    - AppMetricaIdentifiers (= 6.1.0)
    - AppMetricaKeychain (= 6.1.0)
    - AppMetricaLog (= 6.1.0)
    - AppMetricaNetwork (= 6.1.0)
    - AppMetricaPlatform (= 6.1.0)
    - AppMetricaProtobuf (= 6.1.0)
    - AppMetricaProtobufUtils (= 6.1.0)
    - AppMetricaStorageUtils (= 6.1.0)
  - AppMetricaCoreExtension (6.1.0):
    - AppMetricaCore (= 6.1.0)
    - AppMetricaStorageUtils (= 6.1.0)
  - AppMetricaCoreUtils (6.1.0):
    - AppMetricaLog (= 6.1.0)
  - AppMetricaCrashes (6.1.0):
    - AppMetricaCore (= 6.1.0)
    - AppMetricaCoreExtension (= 6.1.0)
    - AppMetricaCoreUtils (= 6.1.0)
    - AppMetricaEncodingUtils (= 6.1.0)
    - AppMetricaHostState (= 6.1.0)
    - AppMetricaLog (= 6.1.0)
    - AppMetricaPlatform (= 6.1.0)
    - AppMetricaProtobufUtils (= 6.1.0)
    - AppMetricaStorageUtils (= 6.1.0)
    - KSCrash/Recording (< 2.2.0, >= 2.1.0)
  - AppMetricaEncodingUtils (6.1.0):
    - AppMetricaCoreUtils (= 6.1.0)
    - AppMetricaLog (= 6.1.0)
    - AppMetricaPlatform (= 6.1.0)
  - AppMetricaFMDB (6.1.0)
  - AppMetricaHostState (6.1.0):
    - AppMetricaCoreUtils (= 6.1.0)
    - AppMetricaLog (= 6.1.0)
  - AppMetricaIdentifiers (6.1.0):
    - AppMetricaKeychain (= 6.1.0)
    - AppMetricaLogSwift (= 6.1.0)
    - AppMetricaPlatform (= 6.1.0)
    - AppMetricaStorageUtils (= 6.1.0)
    - AppMetricaSynchronization (= 6.1.0)
  - AppMetricaIDSync (6.1.0):
    - AppMetricaCore (= 6.1.0)
    - AppMetricaCoreExtension (= 6.1.0)
    - AppMetricaCoreUtils (= 6.1.0)
    - AppMetricaLog (= 6.1.0)
    - AppMetricaNetwork (= 6.1.0)
    - AppMetricaPlatform (= 6.1.0)
    - AppMetricaStorageUtils (= 6.1.0)
  - AppMetricaKeychain (6.1.0):
    - AppMetricaCoreUtils (= 6.1.0)
    - AppMetricaLog (= 6.1.0)
    - AppMetricaStorageUtils (= 6.1.0)
  - AppMetricaLibraryAdapter (6.1.0):
    - AppMetricaCore (= 6.1.0)
    - AppMetricaCoreExtension (= 6.1.0)
  - AppMetricaLog (6.1.0)
  - AppMetricaLogSwift (6.1.0):
    - AppMetricaLog (= 6.1.0)
  - AppMetricaNetwork (6.1.0):
    - AppMetricaCoreUtils (= 6.1.0)
    - AppMetricaLog (= 6.1.0)
    - AppMetricaPlatform (= 6.1.0)
  - AppMetricaPlatform (6.1.0):
    - AppMetricaCoreUtils (= 6.1.0)
    - AppMetricaLog (= 6.1.0)
  - AppMetricaProtobuf (6.1.0)
  - AppMetricaProtobufUtils (6.1.0):
    - AppMetricaProtobuf (= 6.1.0)
  - AppMetricaScreenshot (6.1.0):
    - AppMetricaCore (= 6.1.0)
    - AppMetricaCoreExtension (= 6.1.0)
    - AppMetricaStorageUtils (= 6.1.0)
  - AppMetricaStorageUtils (6.1.0):
    - AppMetricaCoreUtils (= 6.1.0)
    - AppMetricaLog (= 6.1.0)
  - AppMetricaSynchronization (6.1.0):
    - AppMetricaLogSwift (= 6.1.0)
  - AppMetricaWebKit (6.1.0):
    - AppMetricaCore (= 6.1.0)
    - AppMetricaCoreUtils (= 6.1.0)
    - AppMetricaLog (= 6.1.0)
  - Flutter (1.0.0)
  - KSCrash/Core (2.1.2)
  - KSCrash/Recording (2.1.2):
    - KSCrash/RecordingCore
  - KSCrash/RecordingCore (2.1.2):
    - KSCrash/Core

DEPENDENCIES:
  - appmetrica_plugin (from `.symlinks/plugins/appmetrica_plugin/ios`)
  - Flutter (from `Flutter`)

SPEC REPOS:
  trunk:
    - AppMetricaAdSupport
    - AppMetricaCore
    - AppMetricaCoreExtension
    - AppMetricaCoreUtils
    - AppMetricaCrashes
    - AppMetricaEncodingUtils
    - AppMetricaFMDB
    - AppMetricaHostState
    - AppMetricaIdentifiers
    - AppMetricaIDSync
    - AppMetricaKeychain
    - AppMetricaLibraryAdapter
    - AppMetricaLog
    - AppMetricaLogSwift
    - AppMetricaNetwork
    - AppMetricaPlatform
    - AppMetricaProtobuf
    - AppMetricaProtobufUtils
    - AppMetricaScreenshot
    - AppMetricaStorageUtils
    - AppMetricaSynchronization
    - AppMetricaWebKit
    - KSCrash

EXTERNAL SOURCES:
  appmetrica_plugin:
    :path: ".symlinks/plugins/appmetrica_plugin/ios"
  Flutter:
    :path: Flutter

SPEC CHECKSUMS:
  appmetrica_plugin: 7e70b3164308d722a39870be6fcf7e19a47d6ce8
  AppMetricaAdSupport: 751575955613b23e7ce0ef0426265518d790b16e
  AppMetricaCore: 3393a79e2a8ecc6ab9771836b57756d7b23c7f32
  AppMetricaCoreExtension: eadaf054b3a0828fc18d2fa6317dd2f2c40fa14b
  AppMetricaCoreUtils: c2f90bbabca393e82296c1fb487756cbb6a67a04
  AppMetricaCrashes: cc70469f977e326fd8f99464160f7c3bf0ac7113
  AppMetricaEncodingUtils: 1ac3d4907dbdc87a0be5cf3603629cc27d82def7
  AppMetricaFMDB: c8023e9caceb69681c59c244cfee28c13ce2188e
  AppMetricaHostState: c3d737e35ba37b56d32b2e5e18d290065567c045
  AppMetricaIdentifiers: fd85cf46041b109eb7751513925b8bbd12b0a992
  AppMetricaIDSync: fb16acbd45c20d94fe77b8fe63df71cb72a4cff0
  AppMetricaKeychain: 88cfdc958c65951c4caff601df4186008dfb1dee
  AppMetricaLibraryAdapter: 338b4c49def1bc0d619a4c030e8687e3d920d5fd
  AppMetricaLog: f6699a4d3af5e41f7bbcf066481045f78236ca0d
  AppMetricaLogSwift: ec4fe7eb97b3f6bc4be0cc3a1a62a2212684e4c6
  AppMetricaNetwork: 8723641c961ac090eaa7c72030accfb9e1b0f6e5
  AppMetricaPlatform: e7e361f90ce1c69bea7fa5af622fb4ad68b4160e
  AppMetricaProtobuf: 874a97cde1329da554876b6c3b7b641abaabdfb5
  AppMetricaProtobufUtils: cf9dcc7ec1bc552be17dce2a208b6808952ae75d
  AppMetricaScreenshot: 5737fff5f1869d0ae9fdbf1d4744e804c194bba5
  AppMetricaStorageUtils: a32543471f8ae2dd4838b7439eb667c1736efb7e
  AppMetricaSynchronization: 99987d2d7d73c486a07ee24191252642c82c1ff2
  AppMetricaWebKit: 8eda520fd4eee9e413d37ef7e4c44b1e052f7f27
  Flutter: cabc95a1d2626b1b06e7179b784ebcf0c0cde467
  KSCrash: bd950ede6c40a50bfc9f246c38a7f3408705fa3c

PODFILE CHECKSUM: f3734cf2c64ab93db34ebd0461528389a119c1e8

COCOAPODS: 1.15.2
