PODS:
  - appmetrica_plugin (4.1.0):
    - AppMetricaAnalytics (~> 6.6)
    - AppMetricaLibraryAdapter (~> 6.6)
    - Flutter
  - AppMetricaAdSupport (6.6.0):
    - AppMetricaCore (= 6.6.0)
    - AppMetricaCoreExtension (= 6.6.0)
  - AppMetricaAnalytics (6.6.0):
    - AppMetricaAdSupport (= 6.6.0)
    - AppMetricaCore (= 6.6.0)
    - AppMetricaCrashes (= 6.6.0)
    - AppMetricaIDSync (= 6.6.0)
    - AppMetricaScreenshot (= 6.6.0)
    - AppMetricaWebKit (= 6.6.0)
  - AppMetricaCore (6.6.0):
    - AppMetricaCoreUtils (= 6.6.0)
    - AppMetricaEncodingUtils (= 6.6.0)
    - AppMetricaFMDB (= 6.6.0)
    - AppMetricaHostState (= 6.6.0)
    - AppMetricaIdentifiers (= 6.6.0)
    - AppMetricaKeychain (= 6.6.0)
    - AppMetricaLog (= 6.6.0)
    - AppMetricaNetwork (= 6.6.0)
    - AppMetricaPlatform (= 6.6.0)
    - AppMetricaProtobuf (= 6.6.0)
    - AppMetricaProtobufUtils (= 6.6.0)
    - AppMetricaStorageUtils (= 6.6.0)
  - AppMetricaCoreExtension (6.6.0):
    - AppMetricaCore (= 6.6.0)
    - AppMetricaStorageUtils (= 6.6.0)
  - AppMetricaCoreUtils (6.6.0):
    - AppMetricaLog (= 6.6.0)
  - AppMetricaCrashes (6.6.0):
    - AppMetricaCore (= 6.6.0)
    - AppMetricaCoreExtension (= 6.6.0)
    - AppMetricaCoreUtils (= 6.6.0)
    - AppMetricaEncodingUtils (= 6.6.0)
    - AppMetricaHostState (= 6.6.0)
    - AppMetricaLog (= 6.6.0)
    - AppMetricaPlatform (= 6.6.0)
    - AppMetricaProtobufUtils (= 6.6.0)
    - AppMetricaStorageUtils (= 6.6.0)
    - KSCrash/Recording (< 2.6.0, >= 2.5.1)
  - AppMetricaEncodingUtils (6.6.0):
    - AppMetricaCoreUtils (= 6.6.0)
    - AppMetricaLog (= 6.6.0)
    - AppMetricaPlatform (= 6.6.0)
  - AppMetricaFMDB (6.6.0)
  - AppMetricaHostState (6.6.0):
    - AppMetricaCoreUtils (= 6.6.0)
    - AppMetricaLog (= 6.6.0)
  - AppMetricaIdentifiers (6.6.0):
    - AppMetricaKeychain (= 6.6.0)
    - AppMetricaLogSwift (= 6.6.0)
    - AppMetricaPlatform (= 6.6.0)
    - AppMetricaStorageUtils (= 6.6.0)
    - AppMetricaSynchronization (= 6.6.0)
  - AppMetricaIDSync (6.6.0):
    - AppMetricaCore (= 6.6.0)
    - AppMetricaCoreExtension (= 6.6.0)
    - AppMetricaCoreUtils (= 6.6.0)
    - AppMetricaLog (= 6.6.0)
    - AppMetricaNetwork (= 6.6.0)
    - AppMetricaPlatform (= 6.6.0)
    - AppMetricaStorageUtils (= 6.6.0)
  - AppMetricaKeychain (6.6.0):
    - AppMetricaCoreUtils (= 6.6.0)
    - AppMetricaLog (= 6.6.0)
    - AppMetricaStorageUtils (= 6.6.0)
  - AppMetricaLibraryAdapter (6.6.0):
    - AppMetricaCore (= 6.6.0)
    - AppMetricaCoreExtension (= 6.6.0)
  - AppMetricaLog (6.6.0)
  - AppMetricaLogSwift (6.6.0):
    - AppMetricaLog (= 6.6.0)
  - AppMetricaNetwork (6.6.0):
    - AppMetricaCoreUtils (= 6.6.0)
    - AppMetricaLog (= 6.6.0)
    - AppMetricaPlatform (= 6.6.0)
  - AppMetricaPlatform (6.6.0):
    - AppMetricaCoreUtils (= 6.6.0)
    - AppMetricaLog (= 6.6.0)
  - AppMetricaProtobuf (6.6.0)
  - AppMetricaProtobufUtils (6.6.0):
    - AppMetricaProtobuf (= 6.6.0)
  - AppMetricaScreenshot (6.6.0):
    - AppMetricaCore (= 6.6.0)
    - AppMetricaCoreExtension (= 6.6.0)
    - AppMetricaStorageUtils (= 6.6.0)
  - AppMetricaStorageUtils (6.6.0):
    - AppMetricaCoreUtils (= 6.6.0)
    - AppMetricaLog (= 6.6.0)
  - AppMetricaSynchronization (6.6.0):
    - AppMetricaLogSwift (= 6.6.0)
  - AppMetricaWebKit (6.6.0):
    - AppMetricaCore (= 6.6.0)
    - AppMetricaCoreUtils (= 6.6.0)
    - AppMetricaLog (= 6.6.0)
  - Flutter (1.0.0)
  - KSCrash/Core (2.5.1)
  - KSCrash/Recording (2.5.1):
    - KSCrash/RecordingCore
  - KSCrash/RecordingCore (2.5.1):
    - KSCrash/Core

DEPENDENCIES:
  - appmetrica_plugin (from `.symlinks/plugins/appmetrica_plugin/ios`)
  - Flutter (from `Flutter`)

SPEC REPOS:
  trunk:
    - AppMetricaAdSupport
    - AppMetricaAnalytics
    - AppMetricaCore
    - AppMetricaCoreExtension
    - AppMetricaCoreUtils
    - AppMetricaCrashes
    - AppMetricaEncodingUtils
    - AppMetricaFMDB
    - AppMetricaHostState
    - AppMetricaIdentifiers
    - AppMetricaIDSync
    - AppMetricaKeychain
    - AppMetricaLibraryAdapter
    - AppMetricaLog
    - AppMetricaLogSwift
    - AppMetricaNetwork
    - AppMetricaPlatform
    - AppMetricaProtobuf
    - AppMetricaProtobufUtils
    - AppMetricaScreenshot
    - AppMetricaStorageUtils
    - AppMetricaSynchronization
    - AppMetricaWebKit
    - KSCrash

EXTERNAL SOURCES:
  appmetrica_plugin:
    :path: ".symlinks/plugins/appmetrica_plugin/ios"
  Flutter:
    :path: Flutter

SPEC CHECKSUMS:
  appmetrica_plugin: 40f755226f4f78dca1dd6e87d28555bd3e51e1d5
  AppMetricaAdSupport: d7b09222d59c2b43555e9fe55ff290467e13f1cf
  AppMetricaAnalytics: bf418145051d4753918e052be720b86d98d27283
  AppMetricaCore: ee40e9eae7c7e8a060f4b05c973210c3ec837e07
  AppMetricaCoreExtension: 197bfaa429c87b4ff3e8f9be873876f3b92179a1
  AppMetricaCoreUtils: a3c50fa386b163f1ce5bcdec830db89d9f436302
  AppMetricaCrashes: 71b39289ef6779ecebee7e40b0abc01829f60238
  AppMetricaEncodingUtils: 5b3826ab7b542fc3a89599d5fb6828b9999adb58
  AppMetricaFMDB: 51552a8ddf618f94e180d000d0d1cbb71a436572
  AppMetricaHostState: 5b4893ac02f8cf91d9ccf35651f973436494945c
  AppMetricaIdentifiers: 172675383cd2ea5a1cee8dcf7d8fbde3a692d0c6
  AppMetricaIDSync: 21e093b8b9b48a0c4487503326905dcd20a76603
  AppMetricaKeychain: eda7cd31463ef2e866d759b84b5f8e15d98fb94a
  AppMetricaLibraryAdapter: 0e3a1617f4542869eae2b46ab72cc9d0f657427c
  AppMetricaLog: 0966451d6a00b1bd137b7f45c6db5422989cedbe
  AppMetricaLogSwift: a10f76cfce1f874313c067481d7259061e045b52
  AppMetricaNetwork: 531abb5e03e689a6d4dfb2fca119b47e5465aa9a
  AppMetricaPlatform: a26ccc81cea64ba7467c9fe6d28d6047c05784b1
  AppMetricaProtobuf: eaeb5c658c3bae23ff96a885232ee2ebe6217ce8
  AppMetricaProtobufUtils: f6560ef1796495666cbeb3a5adafaa1febce7ba7
  AppMetricaScreenshot: 86855d4b9b9b8b309508bbe2a726198ae8f27064
  AppMetricaStorageUtils: 1fff51169752ab3c1874da4007484eb008ae5e3d
  AppMetricaSynchronization: 788685a4273a36dcf9566085c0b1af6d436f861c
  AppMetricaWebKit: 80bb806df6b863c36c7324df5805dfd03ca97cb5
  Flutter: cabc95a1d2626b1b06e7179b784ebcf0c0cde467
  KSCrash: 8c4464fd5da7de520f2ce4a00fdf63f169a80f18

PODFILE CHECKSUM: f3734cf2c64ab93db34ebd0461528389a119c1e8

COCOAPODS: 1.15.2
