{
  "originHash" : "ef202932a78a7ec7ebd152a46ccec43cb2421f3dd8b271b314f40f02d5f715e2",
  "pins" : [
    {
      "identity" : "appmetrica-sdk-ios",
      "kind" : "remoteSourceControl",
      "location" : "https://github.com/appmetrica/appmetrica-sdk-ios",
      "state" : {
        "revision" : "0ef47447ea9de9ce4bd78e10d3c6da6219446cb2",
        "version" : "5.14.0"
      }
    },
    {
      "identity" : "kscrash",
      "kind" : "remoteSourceControl",
      "location" : "https://github.com/kstenerud/KSCrash",
      "state" : {
        "revision" : "c0177658fc771ae833b6d3b8f5f3f5a14d59ec03",
        "version" : "2.1.2"
      }
    }
  ],
  "version" : 3
}
