{
  "originHash" : "452ed6adc03a9e790bc3b5c35a0c1a26ea5ea27c7df0a0c2c4f2c36623d8ff89",
  "pins" : [
    {
      "identity" : "appmetrica-sdk-ios",
      "kind" : "remoteSourceControl",
      "location" : "https://github.com/appmetrica/appmetrica-sdk-ios",
      "state" : {
        "revision" : "d6d472de0485c87c3bfe0dd3b57a782132d751ee",
        "version" : "5.16.0"
      }
    },
    {
      "identity" : "kscrash",
      "kind" : "remoteSourceControl",
      "location" : "https://github.com/kstenerud/KSCrash",
      "state" : {
        "revision" : "c0177658fc771ae833b6d3b8f5f3f5a14d59ec03",
        "version" : "2.1.2"
      }
    }
  ],
  "version" : 3
}
