{
  "pins" : [
    {
      "identity" : "appmetrica-sdk-ios",
      "kind" : "remoteSourceControl",
      "location" : "https://github.com/appmetrica/appmetrica-sdk-ios",
      "state" : {
        "revision" : "a23678a2e783b126c247b53b3e3b44f09a3d39c1",
        "version" : "5.9.0"
      }
    },
    {
      "identity" : "kscrash",
      "kind" : "remoteSourceControl",
      "location" : "https://github.com/kstenerud/KSCrash",
      "state" : {
        "revision" : "e62b01179f951ffa6670af186b21f00657a92557",
        "version" : "2.0.0-rc.8"
      }
    }
  ],
  "version" : 2
}
